{
    "hash": "31a89778f9bc571efdde5b1bf837755c",
    "packages": [
        {
            "name": "composer/installers",
            "version": "dev-master",
            "source": {
                "type": "git",
                "url": "https://github.com/composer/installers",
                "reference": "a04e254642d88a9c21e70261072ad486ac675251"
            },
            "dist": {
                "type": "zip",
                "url": "https://github.com/composer/installers/archive/a04e254642d88a9c21e70261072ad486ac675251.zip",
                "reference": "a04e254642d88a9c21e70261072ad486ac675251",
                "shasum": ""
            },
            "replace": {
                "shama/baton": "*"
            },
            "require-dev": {
                "composer/composer": "1.0.*@dev",
                "phpunit/phpunit": "3.7.*"
            },
            "time": "2013-01-14 07:14:45",
            "type": "composer-installer",
            "extra": {
                "class": "Composer\\Installers\\Installer"
            },
            "autoload": {
                "psr-0": {
                    "Composer\\Installers\\": "src/"
                }
            },
            "notification-url": "https://packagist.org/downloads/",
            "license": [
                "MIT"
            ],
            "authors": [
                {
                    "name": "Kyle Robinson Young",
                    "email": "kyle@dontkry.com",
                    "homepage": "https://github.com/shama",
                    "role": "Developer"
                }
            ],
            "description": "A multi-framework Composer library installer",
            "homepage": "http://composer.github.com/installers/",
            "keywords": [
                "symfony",
                "installer",
                "zend",
                "wordpress",
                "cakephp",
                "codeigniter",
                "fuelphp",
                "drupal",
                "lithium",
                "li3",
                "joomla",
                "laravel",
                "phpbb",
                "ppi",
                "silverstripe",
                "kohana",
                "mako",
                "TYPO3 Flow",
                "TYPO3 Neos",
                "agl"
            ]
        },
        {
            "name": "silverstripe/framework",
            "version": "3.0.3",
            "source": {
                "type": "git",
                "url": "https://github.com/silverstripe/sapphire",
                "reference": "3.0.3"
            },
            "dist": {
                "type": "zip",
                "url": "https://github.com/silverstripe/sapphire/archive/3.0.3.zip",
                "reference": "3.0.3",
                "shasum": ""
            },
            "require": {
                "php": ">=5.3.2",
                "composer/installers": "*"
            },
            "time": "2012-11-25 22:20:21",
            "type": "silverstripe-module",
            "notification-url": "https://packagist.org/downloads/",
            "license": [
                "BSD-3-Clause"
            ],
            "authors": [
                {
                    "name": "SilverStripe",
                    "homepage": "http://silverstripe.com"
                },
                {
                    "name": "The SilverStripe Community",
                    "homepage": "http://silverstripe.org"
                }
            ],
            "description": "The SilverStripe framework",
            "homepage": "http://silverstripe.org",
            "keywords": [
                "framework",
                "silverstripe"
            ]
        }
    ],
    "packages-dev": [
        {
            "name": "silverstripe/compass",
            "version": "dev-master",
            "source": {
                "type": "git",
                "url": "https://github.com/silverstripe-labs/silverstripe-compass.git",
                "reference": "df401ac7e503b30c6cc0828448abeb18ecf767a9"
            },
            "dist": {
                "type": "zip",
                "url": "https://github.com/silverstripe-labs/silverstripe-compass/archive/df401ac7e503b30c6cc0828448abeb18ecf767a9.zip",
                "reference": "df401ac7e503b30c6cc0828448abeb18ecf767a9",
                "shasum": ""
            },
            "require": {
                "silverstripe/framework": "3.*"
            },
            "time": "2013-01-16 09:27:25",
            "type": "silverstripe-module",
            "notification-url": "https://packagist.org/downloads/",
            "authors": [
                {
                    "name": "Hamish Friedlander",
                    "email": "hamish@silverstripe.com"
                }
            ],
            "description": "The Compass module for SilverStripe seamlessly integrates Sass and Compass in SilverStripe modules and themes. You write your styles in sass, and the module automatically compiles these sass files to css.",
            "keywords": [
                "css",
                "compass",
                "sass",
                "silverstripe"
            ]
        },
        {
            "name": "silverstripe/docsviewer",
            "version": "dev-master",
            "source": {
                "type": "git",
                "url": "https://github.com/silverstripe/silverstripe-docsviewer.git",
                "reference": "73a66da658f97114b44bed4f1e73ca869328ca34"
            },
            "dist": {
                "type": "zip",
                "url": "https://github.com/silverstripe/silverstripe-docsviewer/archive/73a66da658f97114b44bed4f1e73ca869328ca34.zip",
                "reference": "73a66da658f97114b44bed4f1e73ca869328ca34",
                "shasum": ""
            },
            "require": {
                "silverstripe/framework": "3.*"
            },
            "time": "2013-01-11 21:53:43",
            "type": "silverstripe-module",
            "notification-url": "https://packagist.org/downloads/",
            "license": [
                "BSD-3-Clause"
            ],
            "authors": [
                {
                    "name": "Will Rossiter",
                    "email": "will@fullscreen.io",
                    "homepage": "http://wilr.github.com"
                }
            ],
            "description": "Documentation viewer module for SilverStripe",
            "keywords": [
                "documentation",
                "silverstripe"
            ]
        }
    ],
    "aliases": [

    ],
    "minimum-stability": "dev",
    "stability-flags": {
        "silverstripe/framework": 0
    }
}
